schema: '2.0'
stages:
  data_collection:
    cmd: python src/data/data_collection.py
    deps:
    - path: src/data/data_collection.py
      hash: md5
      md5: ab6714315885e75280b1ae26b46e2187
      size: 2902
    params:
      params.yaml:
        data_collection.test_size: 0.2
    outs:
    - path: data/raw
      hash: md5
      md5: c0c2d65c14a603e91e029fda3c344a5c.dir
      size: 522262
      nfiles: 2
  data_preprocessing:
    cmd: python src/data/data_prep.py
    deps:
    - path: data/raw
      hash: md5
      md5: c0c2d65c14a603e91e029fda3c344a5c.dir
      size: 522262
      nfiles: 2
    - path: src/data/data_prep.py
      hash: md5
      md5: 7019b42339f0ddeca301e21bd19dcd71
      size: 2600
    outs:
    - path: data/processed
      hash: md5
      md5: 50cb8001cd56bb2743fd3102227ab870.dir
      size: 546137
      nfiles: 2
  model_building:
    cmd: python src/model/model_building.py
    deps:
    - path: data/processed
      hash: md5
      md5: 50cb8001cd56bb2743fd3102227ab870.dir
      size: 546137
      nfiles: 2
    - path: src/model/model_building.py
      hash: md5
      md5: 0108f3658a9a365719217a030a974745
      size: 3019
    params:
      params.yaml:
        model_building.n_estimators: 1000
    outs:
    - path: models/model.pkl
      hash: md5
      md5: 425a66640746a0f9a3e1f8c6aed35049
      size: 73636069
  model_evaluation:
    cmd: python src/model/model_eval.py
    deps:
    - path: models/model.pkl
      hash: md5
      md5: 425a66640746a0f9a3e1f8c6aed35049
      size: 73636069
    - path: src/model/model_eval.py
      hash: md5
      md5: 1acf860b787bf5b08b5131d2fb993984
      size: 3387
    outs:
    - path: reports/metrics.json
      hash: md5
      md5: 74e9aa626b8de075656505981338df9a
      size: 141
