schema: '2.0'
stages:
  data_collection:
    cmd: python src/data/data_collection.py
    deps:
    - path: src/data/data_collection.py
      hash: md5
      md5: ab6714315885e75280b1ae26b46e2187
      size: 2902
    params:
      params.yaml:
        data_collection.test_size: 0.2
    outs:
    - path: data/raw
      hash: md5
      md5: c0c2d65c14a603e91e029fda3c344a5c.dir
      size: 522262
      nfiles: 2
  data_preprocessing:
    cmd: python src/data/data_prep.py
    deps:
    - path: data/raw
      hash: md5
      md5: c0c2d65c14a603e91e029fda3c344a5c.dir
      size: 522262
      nfiles: 2
    - path: src/data/data_prep.py
      hash: md5
      md5: e762b5c246537546a47cdff0e3af8d6d
      size: 2580
    outs:
    - path: data/processed
      hash: md5
      md5: e34c84b2d0f2a75442271cd6c5779b7c.dir
      size: 546895
      nfiles: 2
  model_building:
    cmd: python src/model/model_building.py
    deps:
    - path: data/processed
      hash: md5
      md5: e34c84b2d0f2a75442271cd6c5779b7c.dir
      size: 546895
      nfiles: 2
    - path: src/model/model_building.py
      hash: md5
      md5: 0a8dd005bf1565869fbd577dc30f5eee
      size: 3012
    params:
      params.yaml:
        model_building.n_estimators: 1000
    outs:
    - path: models/model.pkl
      hash: md5
      md5: e9a91faeacef6f3ad91e6ac99eda6581
      size: 73639909
  model_evaluation:
    cmd: python src/model/model_eval.py
    deps:
    - path: models/model.pkl
      hash: md5
      md5: e9a91faeacef6f3ad91e6ac99eda6581
      size: 73639909
    - path: src/model/model_eval.py
      hash: md5
      md5: 4be6d53e12748ba776ac6bd2891cbac1
      size: 3380
    outs:
    - path: reports/metrics.json
      hash: md5
      md5: 6c010fe828d95343eb6ff24496c3d930
      size: 138
